
Microsoft Visual Studio Solution File, Format Version 12.00
# Visual Studio Version 17
VisualStudioVersion = 17.10.35122.118
MinimumVisualStudioVersion = 10.0.40219.1
Project("{8BC9CEB8-8B4A-11D0-8D11-00A0C91BC942}") = "01_Intro", "01_Intro\01_Intro.vcxproj", "{1410C921-9490-46DB-9BE6-62B320D4BC17}"
EndProject
Project("{8BC9CEB8-8B4A-11D0-8D11-00A0C91BC942}") = "02_DataTypes", "02_DataTypes\02_DataTypes.vcxproj", "{4D2561DB-50C1-4C55-8189-69E871212D16}"
EndProject
Project("{8BC9CEB8-8B4A-11D0-8D11-00A0C91BC942}") = "03_LogicOperators", "03_LogicOperators\03_LogicOperators.vcxproj", "{94E30948-D67D-4541-9465-9D2B95A44205}"
EndProject
Global
	GlobalSection(SolutionConfigurationPlatforms) = preSolution
		Debug|x64 = Debug|x64
		Debug|x86 = Debug|x86
		Release|x64 = Release|x64
		Release|x86 = Release|x86
	EndGlobalSection
	GlobalSection(ProjectConfigurationPlatforms) = postSolution
		{1410C921-9490-46DB-9BE6-62B320D4BC17}.Debug|x64.ActiveCfg = Debug|x64
		{1410C921-9490-46DB-9BE6-62B320D4BC17}.Debug|x64.Build.0 = Debug|x64
		{1410C921-9490-46DB-9BE6-62B320D4BC17}.Debug|x86.ActiveCfg = Debug|Win32
		{1410C921-9490-46DB-9BE6-62B320D4BC17}.Debug|x86.Build.0 = Debug|Win32
		{1410C921-9490-46DB-9BE6-62B320D4BC17}.Release|x64.ActiveCfg = Release|x64
		{1410C921-9490-46DB-9BE6-62B320D4BC17}.Release|x64.Build.0 = Release|x64
		{1410C921-9490-46DB-9BE6-62B320D4BC17}.Release|x86.ActiveCfg = Release|Win32
		{1410C921-9490-46DB-9BE6-62B320D4BC17}.Release|x86.Build.0 = Release|Win32
		{4D2561DB-50C1-4C55-8189-69E871212D16}.Debug|x64.ActiveCfg = Debug|x64
		{4D2561DB-50C1-4C55-8189-69E871212D16}.Debug|x64.Build.0 = Debug|x64
		{4D2561DB-50C1-4C55-8189-69E871212D16}.Debug|x86.ActiveCfg = Debug|Win32
		{4D2561DB-50C1-4C55-8189-69E871212D16}.Debug|x86.Build.0 = Debug|Win32
		{4D2561DB-50C1-4C55-8189-69E871212D16}.Release|x64.ActiveCfg = Release|x64
		{4D2561DB-50C1-4C55-8189-69E871212D16}.Release|x64.Build.0 = Release|x64
		{4D2561DB-50C1-4C55-8189-69E871212D16}.Release|x86.ActiveCfg = Release|Win32
		{4D2561DB-50C1-4C55-8189-69E871212D16}.Release|x86.Build.0 = Release|Win32
		{94E30948-D67D-4541-9465-9D2B95A44205}.Debug|x64.ActiveCfg = Debug|x64
		{94E30948-D67D-4541-9465-9D2B95A44205}.Debug|x64.Build.0 = Debug|x64
		{94E30948-D67D-4541-9465-9D2B95A44205}.Debug|x86.ActiveCfg = Debug|Win32
		{94E30948-D67D-4541-9465-9D2B95A44205}.Debug|x86.Build.0 = Debug|Win32
		{94E30948-D67D-4541-9465-9D2B95A44205}.Release|x64.ActiveCfg = Release|x64
		{94E30948-D67D-4541-9465-9D2B95A44205}.Release|x64.Build.0 = Release|x64
		{94E30948-D67D-4541-9465-9D2B95A44205}.Release|x86.ActiveCfg = Release|Win32
		{94E30948-D67D-4541-9465-9D2B95A44205}.Release|x86.Build.0 = Release|Win32
	EndGlobalSection
	GlobalSection(SolutionProperties) = preSolution
		HideSolutionNode = FALSE
	EndGlobalSection
	GlobalSection(ExtensibilityGlobals) = postSolution
		SolutionGuid = {A0708AE0-3882-45AF-92CF-C9483C68DEA8}
	EndGlobalSection
EndGlobal
